# This file is automatically @generated by Cargo.
# It is not intended for manual editing.
version = 3

[[package]]
name = "paste"
version = "1.0.15"
source = "registry+https://github.com/rust-lang/crates.io-index"
checksum = "57c0d7b74b563b49d38dae00a0c37d4d6de9b432382b2892f0574ddcae73fd0a"

[[package]]
name = "proc-macro2"
version = "1.0.82"
source = "registry+https://github.com/rust-lang/crates.io-index"
checksum = "8ad3d49ab951a01fbaafe34f2ec74122942fe18a3f9814c3268f1bb72042131b"
dependencies = [
 "unicode-ident",
]

[[package]]
name = "quote"
version = "1.0.36"
source = "registry+https://github.com/rust-lang/crates.io-index"
checksum = "0fa76aaf39101c457836aec0ce2316dbdc3ab723cdda1c6bd4e6ad4208acaca7"
dependencies = [
 "proc-macro2",
]

[[package]]
name = "stringz"
version = "0.3.0"
dependencies = [
 "stringz-macros",
 "tuplez",
]

[[package]]
name = "stringz-macros"
version = "0.1.2"
dependencies = [
 "quote",
 "syn",
]

[[package]]
name = "structz"
version = "0.5.1"
dependencies = [
 "stringz",
 "structz-macros",
 "tuplez",
]

[[package]]
name = "structz-macros"
version = "0.1.0"
dependencies = [
 "quote",
 "syn",
]

[[package]]
name = "syn"
version = "2.0.62"
source = "registry+https://github.com/rust-lang/crates.io-index"
checksum = "9f660c3bfcefb88c538776b6685a0c472e3128b51e74d48793dc2a488196e8eb"
dependencies = [
 "proc-macro2",
 "quote",
 "unicode-ident",
]

[[package]]
name = "tuplez"
version = "0.10.0"
source = "registry+https://github.com/rust-lang/crates.io-index"
checksum = "25676feca60e691a2ddc1eeff837b772d1d2c8993f15b1481d860f102a2f2a43"
dependencies = [
 "paste",
 "tuplez-macros",
]

[[package]]
name = "tuplez-macros"
version = "0.5.2"
source = "registry+https://github.com/rust-lang/crates.io-index"
checksum = "f87132581eb0b422254492f6e3ac8a0e1abc9566154bee60944309fba1106120"
dependencies = [
 "quote",
 "syn",
]

[[package]]
name = "unicode-ident"
version = "1.0.12"
source = "registry+https://github.com/rust-lang/crates.io-index"
checksum = "3354b9ac3fae1ff6755cb6db53683adb661634f67557942dea4facebec0fee4b"
